// !$*UTF8*$!
{
	archiveVersion = 1;
	classes = {
	};
	objectVersion = 56;
	objects = {

/* Begin PBXBuildFile section */
		DB71802C2ADA00FD0029F290 /* ScrumManagerApp.swift in Sources */ = {isa = PBXBuildFile; fileRef = DB71802B2ADA00FD0029F290 /* ScrumManagerApp.swift */; };
		DB71802E2ADA00FD0029F290 /* MeetingView.swift in Sources */ = {isa = PBXBuildFile; fileRef = DB71802D2ADA00FD0029F290 /* MeetingView.swift */; };
		DB7180302ADA01060029F290 /* Assets.xcassets in Resources */ = {isa = PBXBuildFile; fileRef = DB71802F2ADA01060029F290 /* Assets.xcassets */; };
		DB7180332ADA01060029F290 /* Preview Assets.xcassets in Resources */ = {isa = PBXBuildFile; fileRef = DB7180322ADA01060029F290 /* Preview Assets.xcassets */; };
		DB7180352ADA01060029F290 /* Persistence.swift in Sources */ = {isa = PBXBuildFile; fileRef = DB7180342ADA01060029F290 /* Persistence.swift */; };
		DB7180382ADA01060029F290 /* ScrumManager.xcdatamodeld in Sources */ = {isa = PBXBuildFile; fileRef = DB7180362ADA01060029F290 /* ScrumManager.xcdatamodeld */; };
		DB7180442ADA01070029F290 /* ScrumManagerTests.swift in Sources */ = {isa = PBXBuildFile; fileRef = DB7180432ADA01070029F290 /* ScrumManagerTests.swift */; };
		DB71804E2ADA01070029F290 /* ScrumManagerUITests.swift in Sources */ = {isa = PBXBuildFile; fileRef = DB71804D2ADA01070029F290 /* ScrumManagerUITests.swift */; };
		DB7180502ADA01070029F290 /* ScrumManagerUITestsLaunchTests.swift in Sources */ = {isa = PBXBuildFile; fileRef = DB71804F2ADA01070029F290 /* ScrumManagerUITestsLaunchTests.swift */; };
		DB71805E2ADA096C0029F290 /* Theme.swift in Sources */ = {isa = PBXBuildFile; fileRef = DB71805D2ADA096B0029F290 /* Theme.swift */; };
		DB7180602ADA0A770029F290 /* DailyScrum.swift in Sources */ = {isa = PBXBuildFile; fileRef = DB71805F2ADA0A770029F290 /* DailyScrum.swift */; };
		DB7180622ADA0C8B0029F290 /* CardView.swift in Sources */ = {isa = PBXBuildFile; fileRef = DB7180612ADA0C8B0029F290 /* CardView.swift */; };
		DB7180642ADA12CA0029F290 /* TrailingIconLableStyle.swift in Sources */ = {isa = PBXBuildFile; fileRef = DB7180632ADA12CA0029F290 /* TrailingIconLableStyle.swift */; };
		DB7180662ADA15170029F290 /* ScrumsView.swift in Sources */ = {isa = PBXBuildFile; fileRef = DB7180652ADA15170029F290 /* ScrumsView.swift */; };
		DB7180682ADA4DCC0029F290 /* DetailView.swift in Sources */ = {isa = PBXBuildFile; fileRef = DB7180672ADA4DCC0029F290 /* DetailView.swift */; };
		DB71806A2ADA5C2B0029F290 /* DetailEditView.swift in Sources */ = {isa = PBXBuildFile; fileRef = DB7180692ADA5C2B0029F290 /* DetailEditView.swift */; };
		DBD4477D2ADB14D9004E7189 /* ThemeView.swift in Sources */ = {isa = PBXBuildFile; fileRef = DBD4477C2ADB14D9004E7189 /* ThemeView.swift */; };
		DBD4477F2ADB167F004E7189 /* ThemePicker.swift in Sources */ = {isa = PBXBuildFile; fileRef = DBD4477E2ADB167F004E7189 /* ThemePicker.swift */; };
/* End PBXBuildFile section */

/* Begin PBXContainerItemProxy section */
		DB7180402ADA01070029F290 /* PBXContainerItemProxy */ = {
			isa = PBXContainerItemProxy;
			containerPortal = DB7180202ADA00FD0029F290 /* Project object */;
			proxyType = 1;
			remoteGlobalIDString = DB7180272ADA00FD0029F290;
			remoteInfo = ScrumManager;
		};
		DB71804A2ADA01070029F290 /* PBXContainerItemProxy */ = {
			isa = PBXContainerItemProxy;
			containerPortal = DB7180202ADA00FD0029F290 /* Project object */;
			proxyType = 1;
			remoteGlobalIDString = DB7180272ADA00FD0029F290;
			remoteInfo = ScrumManager;
		};
/* End PBXContainerItemProxy section */

/* Begin PBXFileReference section */
		DB7180282ADA00FD0029F290 /* ScrumManager.app */ = {isa = PBXFileReference; explicitFileType = wrapper.application; includeInIndex = 0; path = ScrumManager.app; sourceTree = BUILT_PRODUCTS_DIR; };
		DB71802B2ADA00FD0029F290 /* ScrumManagerApp.swift */ = {isa = PBXFileReference; lastKnownFileType = sourcecode.swift; path = ScrumManagerApp.swift; sourceTree = "<group>"; };
		DB71802D2ADA00FD0029F290 /* MeetingView.swift */ = {isa = PBXFileReference; lastKnownFileType = sourcecode.swift; path = MeetingView.swift; sourceTree = "<group>"; };
		DB71802F2ADA01060029F290 /* Assets.xcassets */ = {isa = PBXFileReference; lastKnownFileType = folder.assetcatalog; path = Assets.xcassets; sourceTree = "<group>"; };
		DB7180322ADA01060029F290 /* Preview Assets.xcassets */ = {isa = PBXFileReference; lastKnownFileType = folder.assetcatalog; path = "Preview Assets.xcassets"; sourceTree = "<group>"; };
		DB7180342ADA01060029F290 /* Persistence.swift */ = {isa = PBXFileReference; lastKnownFileType = sourcecode.swift; path = Persistence.swift; sourceTree = "<group>"; };
		DB7180372ADA01060029F290 /* ScrumManager.xcdatamodel */ = {isa = PBXFileReference; lastKnownFileType = wrapper.xcdatamodel; path = ScrumManager.xcdatamodel; sourceTree = "<group>"; };
		DB7180392ADA01060029F290 /* ScrumManager.entitlements */ = {isa = PBXFileReference; lastKnownFileType = text.plist.entitlements; path = ScrumManager.entitlements; sourceTree = "<group>"; };
		DB71803A2ADA01060029F290 /* Info.plist */ = {isa = PBXFileReference; lastKnownFileType = text.plist.xml; path = Info.plist; sourceTree = "<group>"; };
		DB71803F2ADA01070029F290 /* ScrumManagerTests.xctest */ = {isa = PBXFileReference; explicitFileType = wrapper.cfbundle; includeInIndex = 0; path = ScrumManagerTests.xctest; sourceTree = BUILT_PRODUCTS_DIR; };
		DB7180432ADA01070029F290 /* ScrumManagerTests.swift */ = {isa = PBXFileReference; lastKnownFileType = sourcecode.swift; path = ScrumManagerTests.swift; sourceTree = "<group>"; };
		DB7180492ADA01070029F290 /* ScrumManagerUITests.xctest */ = {isa = PBXFileReference; explicitFileType = wrapper.cfbundle; includeInIndex = 0; path = ScrumManagerUITests.xctest; sourceTree = BUILT_PRODUCTS_DIR; };
		DB71804D2ADA01070029F290 /* ScrumManagerUITests.swift */ = {isa = PBXFileReference; lastKnownFileType = sourcecode.swift; path = ScrumManagerUITests.swift; sourceTree = "<group>"; };
		DB71804F2ADA01070029F290 /* ScrumManagerUITestsLaunchTests.swift */ = {isa = PBXFileReference; lastKnownFileType = sourcecode.swift; path = ScrumManagerUITestsLaunchTests.swift; sourceTree = "<group>"; };
		DB71805D2ADA096B0029F290 /* Theme.swift */ = {isa = PBXFileReference; lastKnownFileType = sourcecode.swift; path = Theme.swift; sourceTree = "<group>"; };
		DB71805F2ADA0A770029F290 /* DailyScrum.swift */ = {isa = PBXFileReference; lastKnownFileType = sourcecode.swift; path = DailyScrum.swift; sourceTree = "<group>"; };
		DB7180612ADA0C8B0029F290 /* CardView.swift */ = {isa = PBXFileReference; lastKnownFileType = sourcecode.swift; path = CardView.swift; sourceTree = "<group>"; };
		DB7180632ADA12CA0029F290 /* TrailingIconLableStyle.swift */ = {isa = PBXFileReference; lastKnownFileType = sourcecode.swift; path = TrailingIconLableStyle.swift; sourceTree = "<group>"; };
		DB7180652ADA15170029F290 /* ScrumsView.swift */ = {isa = PBXFileReference; lastKnownFileType = sourcecode.swift; path = ScrumsView.swift; sourceTree = "<group>"; };
		DB7180672ADA4DCC0029F290 /* DetailView.swift */ = {isa = PBXFileReference; lastKnownFileType = sourcecode.swift; path = DetailView.swift; sourceTree = "<group>"; };
		DB7180692ADA5C2B0029F290 /* DetailEditView.swift */ = {isa = PBXFileReference; lastKnownFileType = sourcecode.swift; path = DetailEditView.swift; sourceTree = "<group>"; };
		DBD4477C2ADB14D9004E7189 /* ThemeView.swift */ = {isa = PBXFileReference; lastKnownFileType = sourcecode.swift; path = ThemeView.swift; sourceTree = "<group>"; };
		DBD4477E2ADB167F004E7189 /* ThemePicker.swift */ = {isa = PBXFileReference; lastKnownFileType = sourcecode.swift; path = ThemePicker.swift; sourceTree = "<group>"; };
/* End PBXFileReference section */

/* Begin PBXFrameworksBuildPhase section */
		DB7180252ADA00FD0029F290 /* Frameworks */ = {
			isa = PBXFrameworksBuildPhase;
			buildActionMask = 2147483647;
			files = (
			);
			runOnlyForDeploymentPostprocessing = 0;
		};
		DB71803C2ADA01070029F290 /* Frameworks */ = {
			isa = PBXFrameworksBuildPhase;
			buildActionMask = 2147483647;
			files = (
			);
			runOnlyForDeploymentPostprocessing = 0;
		};
		DB7180462ADA01070029F290 /* Frameworks */ = {
			isa = PBXFrameworksBuildPhase;
			buildActionMask = 2147483647;
			files = (
			);
			runOnlyForDeploymentPostprocessing = 0;
		};
/* End PBXFrameworksBuildPhase section */

/* Begin PBXGroup section */
		DB71801F2ADA00FD0029F290 = {
			isa = PBXGroup;
			children = (
				DB71802A2ADA00FD0029F290 /* ScrumManager */,
				DB7180422ADA01070029F290 /* ScrumManagerTests */,
				DB71804C2ADA01070029F290 /* ScrumManagerUITests */,
				DB7180292ADA00FD0029F290 /* Products */,
			);
			sourceTree = "<group>";
		};
		DB7180292ADA00FD0029F290 /* Products */ = {
			isa = PBXGroup;
			children = (
				DB7180282ADA00FD0029F290 /* ScrumManager.app */,
				DB71803F2ADA01070029F290 /* ScrumManagerTests.xctest */,
				DB7180492ADA01070029F290 /* ScrumManagerUITests.xctest */,
			);
			name = Products;
			sourceTree = "<group>";
		};
		DB71802A2ADA00FD0029F290 /* ScrumManager */ = {
			isa = PBXGroup;
			children = (
				DB71805C2ADA092A0029F290 /* Models */,
				DB71802B2ADA00FD0029F290 /* ScrumManagerApp.swift */,
				DB71802D2ADA00FD0029F290 /* MeetingView.swift */,
				DB71802F2ADA01060029F290 /* Assets.xcassets */,
				DB7180342ADA01060029F290 /* Persistence.swift */,
				DB7180392ADA01060029F290 /* ScrumManager.entitlements */,
				DB71803A2ADA01060029F290 /* Info.plist */,
				DB7180362ADA01060029F290 /* ScrumManager.xcdatamodeld */,
				DB7180312ADA01060029F290 /* Preview Content */,
				DB7180612ADA0C8B0029F290 /* CardView.swift */,
				DB7180632ADA12CA0029F290 /* TrailingIconLableStyle.swift */,
				DB7180652ADA15170029F290 /* ScrumsView.swift */,
				DB7180672ADA4DCC0029F290 /* DetailView.swift */,
				DB7180692ADA5C2B0029F290 /* DetailEditView.swift */,
				DBD4477C2ADB14D9004E7189 /* ThemeView.swift */,
				DBD4477E2ADB167F004E7189 /* ThemePicker.swift */,
			);
			path = ScrumManager;
			sourceTree = "<group>";
		};
		DB7180312ADA01060029F290 /* Preview Content */ = {
			isa = PBXGroup;
			children = (
				DB7180322ADA01060029F290 /* Preview Assets.xcassets */,
			);
			path = "Preview Content";
			sourceTree = "<group>";
		};
		DB7180422ADA01070029F290 /* ScrumManagerTests */ = {
			isa = PBXGroup;
			children = (
				DB7180432ADA01070029F290 /* ScrumManagerTests.swift */,
			);
			path = ScrumManagerTests;
			sourceTree = "<group>";
		};
		DB71804C2ADA01070029F290 /* ScrumManagerUITests */ = {
			isa = PBXGroup;
			children = (
				DB71804D2ADA01070029F290 /* ScrumManagerUITests.swift */,
				DB71804F2ADA01070029F290 /* ScrumManagerUITestsLaunchTests.swift */,
			);
			path = ScrumManagerUITests;
			sourceTree = "<group>";
		};
		DB71805C2ADA092A0029F290 /* Models */ = {
			isa = PBXGroup;
			children = (
				DB71805D2ADA096B0029F290 /* Theme.swift */,
				DB71805F2ADA0A770029F290 /* DailyScrum.swift */,
			);
			path = Models;
			sourceTree = "<group>";
		};
/* End PBXGroup section */

/* Begin PBXNativeTarget section */
		DB7180272ADA00FD0029F290 /* ScrumManager */ = {
			isa = PBXNativeTarget;
			buildConfigurationList = DB7180532ADA01070029F290 /* Build configuration list for PBXNativeTarget "ScrumManager" */;
			buildPhases = (
				DB7180242ADA00FD0029F290 /* Sources */,
				DB7180252ADA00FD0029F290 /* Frameworks */,
				DB7180262ADA00FD0029F290 /* Resources */,
			);
			buildRules = (
			);
			dependencies = (
			);
			name = ScrumManager;
			productName = ScrumManager;
			productReference = DB7180282ADA00FD0029F290 /* ScrumManager.app */;
			productType = "com.apple.product-type.application";
		};
		DB71803E2ADA01070029F290 /* ScrumManagerTests */ = {
			isa = PBXNativeTarget;
			buildConfigurationList = DB7180562ADA01070029F290 /* Build configuration list for PBXNativeTarget "ScrumManagerTests" */;
			buildPhases = (
				DB71803B2ADA01070029F290 /* Sources */,
				DB71803C2ADA01070029F290 /* Frameworks */,
				DB71803D2ADA01070029F290 /* Resources */,
			);
			buildRules = (
			);
			dependencies = (
				DB7180412ADA01070029F290 /* PBXTargetDependency */,
			);
			name = ScrumManagerTests;
			productName = ScrumManagerTests;
			productReference = DB71803F2ADA01070029F290 /* ScrumManagerTests.xctest */;
			productType = "com.apple.product-type.bundle.unit-test";
		};
		DB7180482ADA01070029F290 /* ScrumManagerUITests */ = {
			isa = PBXNativeTarget;
			buildConfigurationList = DB7180592ADA01070029F290 /* Build configuration list for PBXNativeTarget "ScrumManagerUITests" */;
			buildPhases = (
				DB7180452ADA01070029F290 /* Sources */,
				DB7180462ADA01070029F290 /* Frameworks */,
				DB7180472ADA01070029F290 /* Resources */,
			);
			buildRules = (
			);
			dependencies = (
				DB71804B2ADA01070029F290 /* PBXTargetDependency */,
			);
			name = ScrumManagerUITests;
			productName = ScrumManagerUITests;
			productReference = DB7180492ADA01070029F290 /* ScrumManagerUITests.xctest */;
			productType = "com.apple.product-type.bundle.ui-testing";
		};
/* End PBXNativeTarget section */

/* Begin PBXProject section */
		DB7180202ADA00FD0029F290 /* Project object */ = {
			isa = PBXProject;
			attributes = {
				BuildIndependentTargetsInParallel = 1;
				LastSwiftUpdateCheck = 1500;
				LastUpgradeCheck = 1500;
				TargetAttributes = {
					DB7180272ADA00FD0029F290 = {
						CreatedOnToolsVersion = 15.0;
					};
					DB71803E2ADA01070029F290 = {
						CreatedOnToolsVersion = 15.0;
						TestTargetID = DB7180272ADA00FD0029F290;
					};
					DB7180482ADA01070029F290 = {
						CreatedOnToolsVersion = 15.0;
						TestTargetID = DB7180272ADA00FD0029F290;
					};
				};
			};
			buildConfigurationList = DB7180232ADA00FD0029F290 /* Build configuration list for PBXProject "ScrumManager" */;
			compatibilityVersion = "Xcode 14.0";
			developmentRegion = en;
			hasScannedForEncodings = 0;
			knownRegions = (
				en,
				Base,
			);
			mainGroup = DB71801F2ADA00FD0029F290;
			productRefGroup = DB7180292ADA00FD0029F290 /* Products */;
			projectDirPath = "";
			projectRoot = "";
			targets = (
				DB7180272ADA00FD0029F290 /* ScrumManager */,
				DB71803E2ADA01070029F290 /* ScrumManagerTests */,
				DB7180482ADA01070029F290 /* ScrumManagerUITests */,
			);
		};
/* End PBXProject section */

/* Begin PBXResourcesBuildPhase section */
		DB7180262ADA00FD0029F290 /* Resources */ = {
			isa = PBXResourcesBuildPhase;
			buildActionMask = 2147483647;
			files = (
				DB7180332ADA01060029F290 /* Preview Assets.xcassets in Resources */,
				DB7180302ADA01060029F290 /* Assets.xcassets in Resources */,
			);
			runOnlyForDeploymentPostprocessing = 0;
		};
		DB71803D2ADA01070029F290 /* Resources */ = {
			isa = PBXResourcesBuildPhase;
			buildActionMask = 2147483647;
			files = (
			);
			runOnlyForDeploymentPostprocessing = 0;
		};
		DB7180472ADA01070029F290 /* Resources */ = {
			isa = PBXResourcesBuildPhase;
			buildActionMask = 2147483647;
			files = (
			);
			runOnlyForDeploymentPostprocessing = 0;
		};
/* End PBXResourcesBuildPhase section */

/* Begin PBXSourcesBuildPhase section */
		DB7180242ADA00FD0029F290 /* Sources */ = {
			isa = PBXSourcesBuildPhase;
			buildActionMask = 2147483647;
			files = (
				DB7180622ADA0C8B0029F290 /* CardView.swift in Sources */,
				DB7180662ADA15170029F290 /* ScrumsView.swift in Sources */,
				DB7180352ADA01060029F290 /* Persistence.swift in Sources */,
				DB7180682ADA4DCC0029F290 /* DetailView.swift in Sources */,
				DBD4477D2ADB14D9004E7189 /* ThemeView.swift in Sources */,
				DB71802E2ADA00FD0029F290 /* MeetingView.swift in Sources */,
				DB7180642ADA12CA0029F290 /* TrailingIconLableStyle.swift in Sources */,
				DB71805E2ADA096C0029F290 /* Theme.swift in Sources */,
				DB7180382ADA01060029F290 /* ScrumManager.xcdatamodeld in Sources */,
				DB71806A2ADA5C2B0029F290 /* DetailEditView.swift in Sources */,
				DBD4477F2ADB167F004E7189 /* ThemePicker.swift in Sources */,
				DB7180602ADA0A770029F290 /* DailyScrum.swift in Sources */,
				DB71802C2ADA00FD0029F290 /* ScrumManagerApp.swift in Sources */,
			);
			runOnlyForDeploymentPostprocessing = 0;
		};
		DB71803B2ADA01070029F290 /* Sources */ = {
			isa = PBXSourcesBuildPhase;
			buildActionMask = 2147483647;
			files = (
				DB7180442ADA01070029F290 /* ScrumManagerTests.swift in Sources */,
			);
			runOnlyForDeploymentPostprocessing = 0;
		};
		DB7180452ADA01070029F290 /* Sources */ = {
			isa = PBXSourcesBuildPhase;
			buildActionMask = 2147483647;
			files = (
				DB71804E2ADA01070029F290 /* ScrumManagerUITests.swift in Sources */,
				DB7180502ADA01070029F290 /* ScrumManagerUITestsLaunchTests.swift in Sources */,
			);
			runOnlyForDeploymentPostprocessing = 0;
		};
/* End PBXSourcesBuildPhase section */

/* Begin PBXTargetDependency section */
		DB7180412ADA01070029F290 /* PBXTargetDependency */ = {
			isa = PBXTargetDependency;
			target = DB7180272ADA00FD0029F290 /* ScrumManager */;
			targetProxy = DB7180402ADA01070029F290 /* PBXContainerItemProxy */;
		};
		DB71804B2ADA01070029F290 /* PBXTargetDependency */ = {
			isa = PBXTargetDependency;
			target = DB7180272ADA00FD0029F290 /* ScrumManager */;
			targetProxy = DB71804A2ADA01070029F290 /* PBXContainerItemProxy */;
		};
/* End PBXTargetDependency section */

/* Begin XCBuildConfiguration section */
		DB7180512ADA01070029F290 /* Debug */ = {
			isa = XCBuildConfiguration;
			buildSettings = {
				ALWAYS_SEARCH_USER_PATHS = NO;
				ASSETCATALOG_COMPILER_GENERATE_SWIFT_ASSET_SYMBOL_EXTENSIONS = YES;
				CLANG_ANALYZER_NONNULL = YES;
				CLANG_ANALYZER_NUMBER_OBJECT_CONVERSION = YES_AGGRESSIVE;
				CLANG_CXX_LANGUAGE_STANDARD = "gnu++20";
				CLANG_ENABLE_MODULES = YES;
				CLANG_ENABLE_OBJC_ARC = YES;
				CLANG_ENABLE_OBJC_WEAK = YES;
				CLANG_WARN_BLOCK_CAPTURE_AUTORELEASING = YES;
				CLANG_WARN_BOOL_CONVERSION = YES;
				CLANG_WARN_COMMA = YES;
				CLANG_WARN_CONSTANT_CONVERSION = YES;
				CLANG_WARN_DEPRECATED_OBJC_IMPLEMENTATIONS = YES;
				CLANG_WARN_DIRECT_OBJC_ISA_USAGE = YES_ERROR;
				CLANG_WARN_DOCUMENTATION_COMMENTS = YES;
				CLANG_WARN_EMPTY_BODY = YES;
				CLANG_WARN_ENUM_CONVERSION = YES;
				CLANG_WARN_INFINITE_RECURSION = YES;
				CLANG_WARN_INT_CONVERSION = YES;
				CLANG_WARN_NON_LITERAL_NULL_CONVERSION = YES;
				CLANG_WARN_OBJC_IMPLICIT_RETAIN_SELF = YES;
				CLANG_WARN_OBJC_LITERAL_CONVERSION = YES;
				CLANG_WARN_OBJC_ROOT_CLASS = YES_ERROR;
				CLANG_WARN_QUOTED_INCLUDE_IN_FRAMEWORK_HEADER = YES;
				CLANG_WARN_RANGE_LOOP_ANALYSIS = YES;
				CLANG_WARN_STRICT_PROTOTYPES = YES;
				CLANG_WARN_SUSPICIOUS_MOVE = YES;
				CLANG_WARN_UNGUARDED_AVAILABILITY = YES_AGGRESSIVE;
				CLANG_WARN_UNREACHABLE_CODE = YES;
				CLANG_WARN__DUPLICATE_METHOD_MATCH = YES;
				COPY_PHASE_STRIP = NO;
				DEBUG_INFORMATION_FORMAT = dwarf;
				ENABLE_STRICT_OBJC_MSGSEND = YES;
				ENABLE_TESTABILITY = YES;
				ENABLE_USER_SCRIPT_SANDBOXING = YES;
				GCC_C_LANGUAGE_STANDARD = gnu17;
				GCC_DYNAMIC_NO_PIC = NO;
				GCC_NO_COMMON_BLOCKS = YES;
				GCC_OPTIMIZATION_LEVEL = 0;
				GCC_PREPROCESSOR_DEFINITIONS = (
					"DEBUG=1",
					"$(inherited)",
				);
				GCC_WARN_64_TO_32_BIT_CONVERSION = YES;
				GCC_WARN_ABOUT_RETURN_TYPE = YES_ERROR;
				GCC_WARN_UNDECLARED_SELECTOR = YES;
				GCC_WARN_UNINITIALIZED_AUTOS = YES_AGGRESSIVE;
				GCC_WARN_UNUSED_FUNCTION = YES;
				GCC_WARN_UNUSED_VARIABLE = YES;
				IPHONEOS_DEPLOYMENT_TARGET = 17.0;
				LOCALIZATION_PREFERS_STRING_CATALOGS = YES;
				MTL_ENABLE_DEBUG_INFO = INCLUDE_SOURCE;
				MTL_FAST_MATH = YES;
				ONLY_ACTIVE_ARCH = YES;
				SDKROOT = iphoneos;
				SWIFT_ACTIVE_COMPILATION_CONDITIONS = "DEBUG $(inherited)";
				SWIFT_OPTIMIZATION_LEVEL = "-Onone";
			};
			name = Debug;
		};
		DB7180522ADA01070029F290 /* Release */ = {
			isa = XCBuildConfiguration;
			buildSettings = {
				ALWAYS_SEARCH_USER_PATHS = NO;
				ASSETCATALOG_COMPILER_GENERATE_SWIFT_ASSET_SYMBOL_EXTENSIONS = YES;
				CLANG_ANALYZER_NONNULL = YES;
				CLANG_ANALYZER_NUMBER_OBJECT_CONVERSION = YES_AGGRESSIVE;
				CLANG_CXX_LANGUAGE_STANDARD = "gnu++20";
				CLANG_ENABLE_MODULES = YES;
				CLANG_ENABLE_OBJC_ARC = YES;
				CLANG_ENABLE_OBJC_WEAK = YES;
				CLANG_WARN_BLOCK_CAPTURE_AUTORELEASING = YES;
				CLANG_WARN_BOOL_CONVERSION = YES;
				CLANG_WARN_COMMA = YES;
				CLANG_WARN_CONSTANT_CONVERSION = YES;
				CLANG_WARN_DEPRECATED_OBJC_IMPLEMENTATIONS = YES;
				CLANG_WARN_DIRECT_OBJC_ISA_USAGE = YES_ERROR;
				CLANG_WARN_DOCUMENTATION_COMMENTS = YES;
				CLANG_WARN_EMPTY_BODY = YES;
				CLANG_WARN_ENUM_CONVERSION = YES;
				CLANG_WARN_INFINITE_RECURSION = YES;
				CLANG_WARN_INT_CONVERSION = YES;
				CLANG_WARN_NON_LITERAL_NULL_CONVERSION = YES;
				CLANG_WARN_OBJC_IMPLICIT_RETAIN_SELF = YES;
				CLANG_WARN_OBJC_LITERAL_CONVERSION = YES;
				CLANG_WARN_OBJC_ROOT_CLASS = YES_ERROR;
				CLANG_WARN_QUOTED_INCLUDE_IN_FRAMEWORK_HEADER = YES;
				CLANG_WARN_RANGE_LOOP_ANALYSIS = YES;
				CLANG_WARN_STRICT_PROTOTYPES = YES;
				CLANG_WARN_SUSPICIOUS_MOVE = YES;
				CLANG_WARN_UNGUARDED_AVAILABILITY = YES_AGGRESSIVE;
				CLANG_WARN_UNREACHABLE_CODE = YES;
				CLANG_WARN__DUPLICATE_METHOD_MATCH = YES;
				COPY_PHASE_STRIP = NO;
				DEBUG_INFORMATION_FORMAT = "dwarf-with-dsym";
				ENABLE_NS_ASSERTIONS = NO;
				ENABLE_STRICT_OBJC_MSGSEND = YES;
				ENABLE_USER_SCRIPT_SANDBOXING = YES;
				GCC_C_LANGUAGE_STANDARD = gnu17;
				GCC_NO_COMMON_BLOCKS = YES;
				GCC_WARN_64_TO_32_BIT_CONVERSION = YES;
				GCC_WARN_ABOUT_RETURN_TYPE = YES_ERROR;
				GCC_WARN_UNDECLARED_SELECTOR = YES;
				GCC_WARN_UNINITIALIZED_AUTOS = YES_AGGRESSIVE;
				GCC_WARN_UNUSED_FUNCTION = YES;
				GCC_WARN_UNUSED_VARIABLE = YES;
				IPHONEOS_DEPLOYMENT_TARGET = 17.0;
				LOCALIZATION_PREFERS_STRING_CATALOGS = YES;
				MTL_ENABLE_DEBUG_INFO = NO;
				MTL_FAST_MATH = YES;
				SDKROOT = iphoneos;
				SWIFT_COMPILATION_MODE = wholemodule;
				VALIDATE_PRODUCT = YES;
			};
			name = Release;
		};
		DB7180542ADA01070029F290 /* Debug */ = {
			isa = XCBuildConfiguration;
			buildSettings = {
				ASSETCATALOG_COMPILER_APPICON_NAME = AppIcon;
				ASSETCATALOG_COMPILER_GLOBAL_ACCENT_COLOR_NAME = AccentColor;
				CODE_SIGN_ENTITLEMENTS = ScrumManager/ScrumManager.entitlements;
				CODE_SIGN_STYLE = Automatic;
				CURRENT_PROJECT_VERSION = 1;
				DEVELOPMENT_ASSET_PATHS = "\"ScrumManager/Preview Content\"";
				DEVELOPMENT_TEAM = B5663N35PV;
				ENABLE_PREVIEWS = YES;
				GENERATE_INFOPLIST_FILE = YES;
				INFOPLIST_FILE = ScrumManager/Info.plist;
				INFOPLIST_KEY_CFBundleDisplayName = ScrumManager;
				INFOPLIST_KEY_LSApplicationCategoryType = "public.app-category.education";
				INFOPLIST_KEY_UIApplicationSceneManifest_Generation = YES;
				INFOPLIST_KEY_UIApplicationSupportsIndirectInputEvents = YES;
				INFOPLIST_KEY_UILaunchScreen_Generation = YES;
				INFOPLIST_KEY_UISupportedInterfaceOrientations_iPad = "UIInterfaceOrientationPortrait UIInterfaceOrientationPortraitUpsideDown UIInterfaceOrientationLandscapeLeft UIInterfaceOrientationLandscapeRight";
				INFOPLIST_KEY_UISupportedInterfaceOrientations_iPhone = "UIInterfaceOrientationPortrait UIInterfaceOrientationLandscapeLeft UIInterfaceOrientationLandscapeRight";
				LD_RUNPATH_SEARCH_PATHS = (
					"$(inherited)",
					"@executable_path/Frameworks",
				);
				MARKETING_VERSION = 1.0;
				PRODUCT_BUNDLE_IDENTIFIER = com.UISymfony.ScrumManager;
				PRODUCT_NAME = "$(TARGET_NAME)";
				SWIFT_EMIT_LOC_STRINGS = YES;
				SWIFT_VERSION = 5.0;
				TARGETED_DEVICE_FAMILY = "1,2";
			};
			name = Debug;
		};
		DB7180552ADA01070029F290 /* Release */ = {
			isa = XCBuildConfiguration;
			buildSettings = {
				ASSETCATALOG_COMPILER_APPICON_NAME = AppIcon;
				ASSETCATALOG_COMPILER_GLOBAL_ACCENT_COLOR_NAME = AccentColor;
				CODE_SIGN_ENTITLEMENTS = ScrumManager/ScrumManager.entitlements;
				CODE_SIGN_STYLE = Automatic;
				CURRENT_PROJECT_VERSION = 1;
				DEVELOPMENT_ASSET_PATHS = "\"ScrumManager/Preview Content\"";
				DEVELOPMENT_TEAM = B5663N35PV;
				ENABLE_PREVIEWS = YES;
				GENERATE_INFOPLIST_FILE = YES;
				INFOPLIST_FILE = ScrumManager/Info.plist;
				INFOPLIST_KEY_CFBundleDisplayName = ScrumManager;
				INFOPLIST_KEY_LSApplicationCategoryType = "public.app-category.education";
				INFOPLIST_KEY_UIApplicationSceneManifest_Generation = YES;
				INFOPLIST_KEY_UIApplicationSupportsIndirectInputEvents = YES;
				INFOPLIST_KEY_UILaunchScreen_Generation = YES;
				INFOPLIST_KEY_UISupportedInterfaceOrientations_iPad = "UIInterfaceOrientationPortrait UIInterfaceOrientationPortraitUpsideDown UIInterfaceOrientationLandscapeLeft UIInterfaceOrientationLandscapeRight";
				INFOPLIST_KEY_UISupportedInterfaceOrientations_iPhone = "UIInterfaceOrientationPortrait UIInterfaceOrientationLandscapeLeft UIInterfaceOrientationLandscapeRight";
				LD_RUNPATH_SEARCH_PATHS = (
					"$(inherited)",
					"@executable_path/Frameworks",
				);
				MARKETING_VERSION = 1.0;
				PRODUCT_BUNDLE_IDENTIFIER = com.UISymfony.ScrumManager;
				PRODUCT_NAME = "$(TARGET_NAME)";
				SWIFT_EMIT_LOC_STRINGS = YES;
				SWIFT_VERSION = 5.0;
				TARGETED_DEVICE_FAMILY = "1,2";
			};
			name = Release;
		};
		DB7180572ADA01070029F290 /* Debug */ = {
			isa = XCBuildConfiguration;
			buildSettings = {
				ALWAYS_EMBED_SWIFT_STANDARD_LIBRARIES = YES;
				BUNDLE_LOADER = "$(TEST_HOST)";
				CODE_SIGN_STYLE = Automatic;
				CURRENT_PROJECT_VERSION = 1;
				DEVELOPMENT_TEAM = B5663N35PV;
				GENERATE_INFOPLIST_FILE = YES;
				IPHONEOS_DEPLOYMENT_TARGET = 17.0;
				MARKETING_VERSION = 1.0;
				PRODUCT_BUNDLE_IDENTIFIER = com.UISymfony.ScrumManagerTests;
				PRODUCT_NAME = "$(TARGET_NAME)";
				SWIFT_EMIT_LOC_STRINGS = NO;
				SWIFT_VERSION = 5.0;
				TARGETED_DEVICE_FAMILY = "1,2";
				TEST_HOST = "$(BUILT_PRODUCTS_DIR)/ScrumManager.app/$(BUNDLE_EXECUTABLE_FOLDER_PATH)/ScrumManager";
			};
			name = Debug;
		};
		DB7180582ADA01070029F290 /* Release */ = {
			isa = XCBuildConfiguration;
			buildSettings = {
				ALWAYS_EMBED_SWIFT_STANDARD_LIBRARIES = YES;
				BUNDLE_LOADER = "$(TEST_HOST)";
				CODE_SIGN_STYLE = Automatic;
				CURRENT_PROJECT_VERSION = 1;
				DEVELOPMENT_TEAM = B5663N35PV;
				GENERATE_INFOPLIST_FILE = YES;
				IPHONEOS_DEPLOYMENT_TARGET = 17.0;
				MARKETING_VERSION = 1.0;
				PRODUCT_BUNDLE_IDENTIFIER = com.UISymfony.ScrumManagerTests;
				PRODUCT_NAME = "$(TARGET_NAME)";
				SWIFT_EMIT_LOC_STRINGS = NO;
				SWIFT_VERSION = 5.0;
				TARGETED_DEVICE_FAMILY = "1,2";
				TEST_HOST = "$(BUILT_PRODUCTS_DIR)/ScrumManager.app/$(BUNDLE_EXECUTABLE_FOLDER_PATH)/ScrumManager";
			};
			name = Release;
		};
		DB71805A2ADA01070029F290 /* Debug */ = {
			isa = XCBuildConfiguration;
			buildSettings = {
				ALWAYS_EMBED_SWIFT_STANDARD_LIBRARIES = YES;
				CODE_SIGN_STYLE = Automatic;
				CURRENT_PROJECT_VERSION = 1;
				DEVELOPMENT_TEAM = B5663N35PV;
				GENERATE_INFOPLIST_FILE = YES;
				MARKETING_VERSION = 1.0;
				PRODUCT_BUNDLE_IDENTIFIER = com.UISymfony.ScrumManagerUITests;
				PRODUCT_NAME = "$(TARGET_NAME)";
				SWIFT_EMIT_LOC_STRINGS = NO;
				SWIFT_VERSION = 5.0;
				TARGETED_DEVICE_FAMILY = "1,2";
				TEST_TARGET_NAME = ScrumManager;
			};
			name = Debug;
		};
		DB71805B2ADA01070029F290 /* Release */ = {
			isa = XCBuildConfiguration;
			buildSettings = {
				ALWAYS_EMBED_SWIFT_STANDARD_LIBRARIES = YES;
				CODE_SIGN_STYLE = Automatic;
				CURRENT_PROJECT_VERSION = 1;
				DEVELOPMENT_TEAM = B5663N35PV;
				GENERATE_INFOPLIST_FILE = YES;
				MARKETING_VERSION = 1.0;
				PRODUCT_BUNDLE_IDENTIFIER = com.UISymfony.ScrumManagerUITests;
				PRODUCT_NAME = "$(TARGET_NAME)";
				SWIFT_EMIT_LOC_STRINGS = NO;
				SWIFT_VERSION = 5.0;
				TARGETED_DEVICE_FAMILY = "1,2";
				TEST_TARGET_NAME = ScrumManager;
			};
			name = Release;
		};
/* End XCBuildConfiguration section */

/* Begin XCConfigurationList section */
		DB7180232ADA00FD0029F290 /* Build configuration list for PBXProject "ScrumManager" */ = {
			isa = XCConfigurationList;
			buildConfigurations = (
				DB7180512ADA01070029F290 /* Debug */,
				DB7180522ADA01070029F290 /* Release */,
			);
			defaultConfigurationIsVisible = 0;
			defaultConfigurationName = Release;
		};
		DB7180532ADA01070029F290 /* Build configuration list for PBXNativeTarget "ScrumManager" */ = {
			isa = XCConfigurationList;
			buildConfigurations = (
				DB7180542ADA01070029F290 /* Debug */,
				DB7180552ADA01070029F290 /* Release */,
			);
			defaultConfigurationIsVisible = 0;
			defaultConfigurationName = Release;
		};
		DB7180562ADA01070029F290 /* Build configuration list for PBXNativeTarget "ScrumManagerTests" */ = {
			isa = XCConfigurationList;
			buildConfigurations = (
				DB7180572ADA01070029F290 /* Debug */,
				DB7180582ADA01070029F290 /* Release */,
			);
			defaultConfigurationIsVisible = 0;
			defaultConfigurationName = Release;
		};
		DB7180592ADA01070029F290 /* Build configuration list for PBXNativeTarget "ScrumManagerUITests" */ = {
			isa = XCConfigurationList;
			buildConfigurations = (
				DB71805A2ADA01070029F290 /* Debug */,
				DB71805B2ADA01070029F290 /* Release */,
			);
			defaultConfigurationIsVisible = 0;
			defaultConfigurationName = Release;
		};
/* End XCConfigurationList section */

/* Begin XCVersionGroup section */
		DB7180362ADA01060029F290 /* ScrumManager.xcdatamodeld */ = {
			isa = XCVersionGroup;
			children = (
				DB7180372ADA01060029F290 /* ScrumManager.xcdatamodel */,
			);
			currentVersion = DB7180372ADA01060029F290 /* ScrumManager.xcdatamodel */;
			path = ScrumManager.xcdatamodeld;
			sourceTree = "<group>";
			versionGroupType = wrapper.xcdatamodel;
		};
/* End XCVersionGroup section */
	};
	rootObject = DB7180202ADA00FD0029F290 /* Project object */;
}
